
Microsoft Visual Studio Solution File, Format Version 12.00
# Visual Studio Version 16
VisualStudioVersion = 16.0.31729.503
MinimumVisualStudioVersion = 10.0.40219.1
Project("{FAE04EC0-301F-11D3-BF4B-00C04F79EFBC}") = "GeneticSalesman", "GeneticSalesman.csproj", "{1353EF0D-E4AA-4210-A3D2-FE74D18B253C}"
EndProject
Global
	GlobalSection(SolutionConfigurationPlatforms) = preSolution
		Debug|Any CPU = Debug|Any CPU
		Release|Any CPU = Release|Any CPU
	EndGlobalSection
	GlobalSection(ProjectConfigurationPlatforms) = postSolution
		{1353EF0D-E4AA-4210-A3D2-FE74D18B253C}.Debug|Any CPU.ActiveCfg = Debug|Any CPU
		{1353EF0D-E4AA-4210-A3D2-FE74D18B253C}.Debug|Any CPU.Build.0 = Debug|Any CPU
		{1353EF0D-E4AA-4210-A3D2-FE74D18B253C}.Release|Any CPU.ActiveCfg = Release|Any CPU
		{1353EF0D-E4AA-4210-A3D2-FE74D18B253C}.Release|Any CPU.Build.0 = Release|Any CPU
	EndGlobalSection
	GlobalSection(SolutionProperties) = preSolution
		HideSolutionNode = FALSE
	EndGlobalSection
	GlobalSection(ExtensibilityGlobals) = postSolution
		SolutionGuid = {1565587C-39BC-4F19-8593-0B58BE739418}
	EndGlobalSection
EndGlobal
